// !$*UTF8*$!
{
	archiveVersion = 1;
	classes = {
	};
	objectVersion = 46;
	objects = {

/* Begin PBXBuildFile section */
		A1BC6E041DE357350073DF2F /* AppDelegate.swift in Sources */ = {isa = PBXBuildFile; fileRef = A1BC6E031DE357350073DF2F /* AppDelegate.swift */; };
		A1BC6E061DE357350073DF2F /* ViewController.swift in Sources */ = {isa = PBXBuildFile; fileRef = A1BC6E051DE357350073DF2F /* ViewController.swift */; };
		A1BC6E091DE357350073DF2F /* Main.storyboard in Resources */ = {isa = PBXBuildFile; fileRef = A1BC6E071DE357350073DF2F /* Main.storyboard */; };
		A1BC6E0C1DE357350073DF2F /* practiceGitCommands.xcdatamodeld in Sources */ = {isa = PBXBuildFile; fileRef = A1BC6E0A1DE357350073DF2F /* practiceGitCommands.xcdatamodeld */; };
		A1BC6E0E1DE357350073DF2F /* Assets.xcassets in Resources */ = {isa = PBXBuildFile; fileRef = A1BC6E0D1DE357350073DF2F /* Assets.xcassets */; };
		A1BC6E111DE357350073DF2F /* LaunchScreen.storyboard in Resources */ = {isa = PBXBuildFile; fileRef = A1BC6E0F1DE357350073DF2F /* LaunchScreen.storyboard */; };
		A1BC6E1C1DE357350073DF2F /* practiceGitCommandsTests.swift in Sources */ = {isa = PBXBuildFile; fileRef = A1BC6E1B1DE357350073DF2F /* practiceGitCommandsTests.swift */; };
/* End PBXBuildFile section */

/* Begin PBXContainerItemProxy section */
		A1BC6E181DE357350073DF2F /* PBXContainerItemProxy */ = {
			isa = PBXContainerItemProxy;
			containerPortal = A1BC6DF81DE357350073DF2F /* Project object */;
			proxyType = 1;
			remoteGlobalIDString = A1BC6DFF1DE357350073DF2F;
			remoteInfo = practiceGitCommands;
		};
/* End PBXContainerItemProxy section */

/* Begin PBXFileReference section */
		A1BC6E001DE357350073DF2F /* practiceGitCommands.app */ = {isa = PBXFileReference; explicitFileType = wrapper.application; includeInIndex = 0; path = practiceGitCommands.app; sourceTree = BUILT_PRODUCTS_DIR; };
		A1BC6E031DE357350073DF2F /* AppDelegate.swift */ = {isa = PBXFileReference; lastKnownFileType = sourcecode.swift; path = AppDelegate.swift; sourceTree = "<group>"; };
		A1BC6E051DE357350073DF2F /* ViewController.swift */ = {isa = PBXFileReference; lastKnownFileType = sourcecode.swift; path = ViewController.swift; sourceTree = "<group>"; };
		A1BC6E081DE357350073DF2F /* Base */ = {isa = PBXFileReference; lastKnownFileType = file.storyboard; name = Base; path = Base.lproj/Main.storyboard; sourceTree = "<group>"; };
		A1BC6E0B1DE357350073DF2F /* practiceGitCommands.xcdatamodel */ = {isa = PBXFileReference; lastKnownFileType = wrapper.xcdatamodel; path = practiceGitCommands.xcdatamodel; sourceTree = "<group>"; };
		A1BC6E0D1DE357350073DF2F /* Assets.xcassets */ = {isa = PBXFileReference; lastKnownFileType = folder.assetcatalog; path = Assets.xcassets; sourceTree = "<group>"; };
		A1BC6E101DE357350073DF2F /* Base */ = {isa = PBXFileReference; lastKnownFileType = file.storyboard; name = Base; path = Base.lproj/LaunchScreen.storyboard; sourceTree = "<group>"; };
		A1BC6E121DE357350073DF2F /* Info.plist */ = {isa = PBXFileReference; lastKnownFileType = text.plist.xml; path = Info.plist; sourceTree = "<group>"; };
		A1BC6E171DE357350073DF2F /* practiceGitCommandsTests.xctest */ = {isa = PBXFileReference; explicitFileType = wrapper.cfbundle; includeInIndex = 0; path = practiceGitCommandsTests.xctest; sourceTree = BUILT_PRODUCTS_DIR; };
		A1BC6E1B1DE357350073DF2F /* practiceGitCommandsTests.swift */ = {isa = PBXFileReference; lastKnownFileType = sourcecode.swift; path = practiceGitCommandsTests.swift; sourceTree = "<group>"; };
		A1BC6E1D1DE357350073DF2F /* Info.plist */ = {isa = PBXFileReference; lastKnownFileType = text.plist.xml; path = Info.plist; sourceTree = "<group>"; };
/* End PBXFileReference section */

/* Begin PBXFrameworksBuildPhase section */
		A1BC6DFD1DE357350073DF2F /* Frameworks */ = {
			isa = PBXFrameworksBuildPhase;
			buildActionMask = 2147483647;
			files = (
			);
			runOnlyForDeploymentPostprocessing = 0;
		};
		A1BC6E141DE357350073DF2F /* Frameworks */ = {
			isa = PBXFrameworksBuildPhase;
			buildActionMask = 2147483647;
			files = (
			);
			runOnlyForDeploymentPostprocessing = 0;
		};
/* End PBXFrameworksBuildPhase section */

/* Begin PBXGroup section */
		A1BC6DF71DE357350073DF2F = {
			isa = PBXGroup;
			children = (
				A1BC6E021DE357350073DF2F /* practiceGitCommands */,
				A1BC6E1A1DE357350073DF2F /* practiceGitCommandsTests */,
				A1BC6E011DE357350073DF2F /* Products */,
			);
			sourceTree = "<group>";
		};
		A1BC6E011DE357350073DF2F /* Products */ = {
			isa = PBXGroup;
			children = (
				A1BC6E001DE357350073DF2F /* practiceGitCommands.app */,
				A1BC6E171DE357350073DF2F /* practiceGitCommandsTests.xctest */,
			);
			name = Products;
			sourceTree = "<group>";
		};
		A1BC6E021DE357350073DF2F /* practiceGitCommands */ = {
			isa = PBXGroup;
			children = (
				A1BC6E031DE357350073DF2F /* AppDelegate.swift */,
				A1BC6E051DE357350073DF2F /* ViewController.swift */,
				A1BC6E071DE357350073DF2F /* Main.storyboard */,
				A1BC6E0D1DE357350073DF2F /* Assets.xcassets */,
				A1BC6E0F1DE357350073DF2F /* LaunchScreen.storyboard */,
				A1BC6E121DE357350073DF2F /* Info.plist */,
				A1BC6E0A1DE357350073DF2F /* practiceGitCommands.xcdatamodeld */,
			);
			path = practiceGitCommands;
			sourceTree = "<group>";
		};
		A1BC6E1A1DE357350073DF2F /* practiceGitCommandsTests */ = {
			isa = PBXGroup;
			children = (
				A1BC6E1B1DE357350073DF2F /* practiceGitCommandsTests.swift */,
				A1BC6E1D1DE357350073DF2F /* Info.plist */,
			);
			path = practiceGitCommandsTests;
			sourceTree = "<group>";
		};
/* End PBXGroup section */

/* Begin PBXNativeTarget section */
		A1BC6DFF1DE357350073DF2F /* practiceGitCommands */ = {
			isa = PBXNativeTarget;
			buildConfigurationList = A1BC6E201DE357350073DF2F /* Build configuration list for PBXNativeTarget "practiceGitCommands" */;
			buildPhases = (
				A1BC6DFC1DE357350073DF2F /* Sources */,
				A1BC6DFD1DE357350073DF2F /* Frameworks */,
				A1BC6DFE1DE357350073DF2F /* Resources */,
			);
			buildRules = (
			);
			dependencies = (
			);
			name = practiceGitCommands;
			productName = practiceGitCommands;
			productReference = A1BC6E001DE357350073DF2F /* practiceGitCommands.app */;
			productType = "com.apple.product-type.application";
		};
		A1BC6E161DE357350073DF2F /* practiceGitCommandsTests */ = {
			isa = PBXNativeTarget;
			buildConfigurationList = A1BC6E231DE357350073DF2F /* Build configuration list for PBXNativeTarget "practiceGitCommandsTests" */;
			buildPhases = (
				A1BC6E131DE357350073DF2F /* Sources */,
				A1BC6E141DE357350073DF2F /* Frameworks */,
				A1BC6E151DE357350073DF2F /* Resources */,
			);
			buildRules = (
			);
			dependencies = (
				A1BC6E191DE357350073DF2F /* PBXTargetDependency */,
			);
			name = practiceGitCommandsTests;
			productName = practiceGitCommandsTests;
			productReference = A1BC6E171DE357350073DF2F /* practiceGitCommandsTests.xctest */;
			productType = "com.apple.product-type.bundle.unit-test";
		};
/* End PBXNativeTarget section */

/* Begin PBXProject section */
		A1BC6DF81DE357350073DF2F /* Project object */ = {
			isa = PBXProject;
			attributes = {
				LastSwiftUpdateCheck = 0730;
				LastUpgradeCheck = 0730;
				ORGANIZATIONNAME = "Chris Hovey";
				TargetAttributes = {
					A1BC6DFF1DE357350073DF2F = {
						CreatedOnToolsVersion = 7.3.1;
					};
					A1BC6E161DE357350073DF2F = {
						CreatedOnToolsVersion = 7.3.1;
						TestTargetID = A1BC6DFF1DE357350073DF2F;
					};
				};
			};
			buildConfigurationList = A1BC6DFB1DE357350073DF2F /* Build configuration list for PBXProject "practiceGitCommands" */;
			compatibilityVersion = "Xcode 3.2";
			developmentRegion = English;
			hasScannedForEncodings = 0;
			knownRegions = (
				en,
				Base,
			);
			mainGroup = A1BC6DF71DE357350073DF2F;
			productRefGroup = A1BC6E011DE357350073DF2F /* Products */;
			projectDirPath = "";
			projectRoot = "";
			targets = (
				A1BC6DFF1DE357350073DF2F /* practiceGitCommands */,
				A1BC6E161DE357350073DF2F /* practiceGitCommandsTests */,
			);
		};
/* End PBXProject section */

/* Begin PBXResourcesBuildPhase section */
		A1BC6DFE1DE357350073DF2F /* Resources */ = {
			isa = PBXResourcesBuildPhase;
			buildActionMask = 2147483647;
			files = (
				A1BC6E111DE357350073DF2F /* LaunchScreen.storyboard in Resources */,
				A1BC6E0E1DE357350073DF2F /* Assets.xcassets in Resources */,
				A1BC6E091DE357350073DF2F /* Main.storyboard in Resources */,
			);
			runOnlyForDeploymentPostprocessing = 0;
		};
		A1BC6E151DE357350073DF2F /* Resources */ = {
			isa = PBXResourcesBuildPhase;
			buildActionMask = 2147483647;
			files = (
			);
			runOnlyForDeploymentPostprocessing = 0;
		};
/* End PBXResourcesBuildPhase section */

/* Begin PBXSourcesBuildPhase section */
		A1BC6DFC1DE357350073DF2F /* Sources */ = {
			isa = PBXSourcesBuildPhase;
			buildActionMask = 2147483647;
			files = (
				A1BC6E061DE357350073DF2F /* ViewController.swift in Sources */,
				A1BC6E041DE357350073DF2F /* AppDelegate.swift in Sources */,
				A1BC6E0C1DE357350073DF2F /* practiceGitCommands.xcdatamodeld in Sources */,
			);
			runOnlyForDeploymentPostprocessing = 0;
		};
		A1BC6E131DE357350073DF2F /* Sources */ = {
			isa = PBXSourcesBuildPhase;
			buildActionMask = 2147483647;
			files = (
				A1BC6E1C1DE357350073DF2F /* practiceGitCommandsTests.swift in Sources */,
			);
			runOnlyForDeploymentPostprocessing = 0;
		};
/* End PBXSourcesBuildPhase section */

/* Begin PBXTargetDependency section */
		A1BC6E191DE357350073DF2F /* PBXTargetDependency */ = {
			isa = PBXTargetDependency;
			target = A1BC6DFF1DE357350073DF2F /* practiceGitCommands */;
			targetProxy = A1BC6E181DE357350073DF2F /* PBXContainerItemProxy */;
		};
/* End PBXTargetDependency section */

/* Begin PBXVariantGroup section */
		A1BC6E071DE357350073DF2F /* Main.storyboard */ = {
			isa = PBXVariantGroup;
			children = (
				A1BC6E081DE357350073DF2F /* Base */,
			);
			name = Main.storyboard;
			sourceTree = "<group>";
		};
		A1BC6E0F1DE357350073DF2F /* LaunchScreen.storyboard */ = {
			isa = PBXVariantGroup;
			children = (
				A1BC6E101DE357350073DF2F /* Base */,
			);
			name = LaunchScreen.storyboard;
			sourceTree = "<group>";
		};
/* End PBXVariantGroup section */

/* Begin XCBuildConfiguration section */
		A1BC6E1E1DE357350073DF2F /* Debug */ = {
			isa = XCBuildConfiguration;
			buildSettings = {
				ALWAYS_SEARCH_USER_PATHS = NO;
				CLANG_ANALYZER_NONNULL = YES;
				CLANG_CXX_LANGUAGE_STANDARD = "gnu++0x";
				CLANG_CXX_LIBRARY = "libc++";
				CLANG_ENABLE_MODULES = YES;
				CLANG_ENABLE_OBJC_ARC = YES;
				CLANG_WARN_BOOL_CONVERSION = YES;
				CLANG_WARN_CONSTANT_CONVERSION = YES;
				CLANG_WARN_DIRECT_OBJC_ISA_USAGE = YES_ERROR;
				CLANG_WARN_EMPTY_BODY = YES;
				CLANG_WARN_ENUM_CONVERSION = YES;
				CLANG_WARN_INT_CONVERSION = YES;
				CLANG_WARN_OBJC_ROOT_CLASS = YES_ERROR;
				CLANG_WARN_UNREACHABLE_CODE = YES;
				CLANG_WARN__DUPLICATE_METHOD_MATCH = YES;
				"CODE_SIGN_IDENTITY[sdk=iphoneos*]" = "iPhone Developer";
				COPY_PHASE_STRIP = NO;
				DEBUG_INFORMATION_FORMAT = dwarf;
				ENABLE_STRICT_OBJC_MSGSEND = YES;
				ENABLE_TESTABILITY = YES;
				GCC_C_LANGUAGE_STANDARD = gnu99;
				GCC_DYNAMIC_NO_PIC = NO;
				GCC_NO_COMMON_BLOCKS = YES;
				GCC_OPTIMIZATION_LEVEL = 0;
				GCC_PREPROCESSOR_DEFINITIONS = (
					"DEBUG=1",
					"$(inherited)",
				);
				GCC_WARN_64_TO_32_BIT_CONVERSION = YES;
				GCC_WARN_ABOUT_RETURN_TYPE = YES_ERROR;
				GCC_WARN_UNDECLARED_SELECTOR = YES;
				GCC_WARN_UNINITIALIZED_AUTOS = YES_AGGRESSIVE;
				GCC_WARN_UNUSED_FUNCTION = YES;
				GCC_WARN_UNUSED_VARIABLE = YES;
				IPHONEOS_DEPLOYMENT_TARGET = 9.3;
				MTL_ENABLE_DEBUG_INFO = YES;
				ONLY_ACTIVE_ARCH = YES;
				SDKROOT = iphoneos;
				SWIFT_OPTIMIZATION_LEVEL = "-Onone";
				TARGETED_DEVICE_FAMILY = "1,2";
			};
			name = Debug;
		};
		A1BC6E1F1DE357350073DF2F /* Release */ = {
			isa = XCBuildConfiguration;
			buildSettings = {
				ALWAYS_SEARCH_USER_PATHS = NO;
				CLANG_ANALYZER_NONNULL = YES;
				CLANG_CXX_LANGUAGE_STANDARD = "gnu++0x";
				CLANG_CXX_LIBRARY = "libc++";
				CLANG_ENABLE_MODULES = YES;
				CLANG_ENABLE_OBJC_ARC = YES;
				CLANG_WARN_BOOL_CONVERSION = YES;
				CLANG_WARN_CONSTANT_CONVERSION = YES;
				CLANG_WARN_DIRECT_OBJC_ISA_USAGE = YES_ERROR;
				CLANG_WARN_EMPTY_BODY = YES;
				CLANG_WARN_ENUM_CONVERSION = YES;
				CLANG_WARN_INT_CONVERSION = YES;
				CLANG_WARN_OBJC_ROOT_CLASS = YES_ERROR;
				CLANG_WARN_UNREACHABLE_CODE = YES;
				CLANG_WARN__DUPLICATE_METHOD_MATCH = YES;
				"CODE_SIGN_IDENTITY[sdk=iphoneos*]" = "iPhone Developer";
				COPY_PHASE_STRIP = NO;
				DEBUG_INFORMATION_FORMAT = "dwarf-with-dsym";
				ENABLE_NS_ASSERTIONS = NO;
				ENABLE_STRICT_OBJC_MSGSEND = YES;
				GCC_C_LANGUAGE_STANDARD = gnu99;
				GCC_NO_COMMON_BLOCKS = YES;
				GCC_WARN_64_TO_32_BIT_CONVERSION = YES;
				GCC_WARN_ABOUT_RETURN_TYPE = YES_ERROR;
				GCC_WARN_UNDECLARED_SELECTOR = YES;
				GCC_WARN_UNINITIALIZED_AUTOS = YES_AGGRESSIVE;
				GCC_WARN_UNUSED_FUNCTION = YES;
				GCC_WARN_UNUSED_VARIABLE = YES;
				IPHONEOS_DEPLOYMENT_TARGET = 9.3;
				MTL_ENABLE_DEBUG_INFO = NO;
				SDKROOT = iphoneos;
				TARGETED_DEVICE_FAMILY = "1,2";
				VALIDATE_PRODUCT = YES;
			};
			name = Release;
		};
		A1BC6E211DE357350073DF2F /* Debug */ = {
			isa = XCBuildConfiguration;
			buildSettings = {
				ASSETCATALOG_COMPILER_APPICON_NAME = AppIcon;
				INFOPLIST_FILE = practiceGitCommands/Info.plist;
				LD_RUNPATH_SEARCH_PATHS = "$(inherited) @executable_path/Frameworks";
				PRODUCT_BUNDLE_IDENTIFIER = com.chrishovey.practiceGitCommands;
				PRODUCT_NAME = "$(TARGET_NAME)";
			};
			name = Debug;
		};
		A1BC6E221DE357350073DF2F /* Release */ = {
			isa = XCBuildConfiguration;
			buildSettings = {
				ASSETCATALOG_COMPILER_APPICON_NAME = AppIcon;
				INFOPLIST_FILE = practiceGitCommands/Info.plist;
				LD_RUNPATH_SEARCH_PATHS = "$(inherited) @executable_path/Frameworks";
				PRODUCT_BUNDLE_IDENTIFIER = com.chrishovey.practiceGitCommands;
				PRODUCT_NAME = "$(TARGET_NAME)";
			};
			name = Release;
		};
		A1BC6E241DE357350073DF2F /* Debug */ = {
			isa = XCBuildConfiguration;
			buildSettings = {
				BUNDLE_LOADER = "$(TEST_HOST)";
				INFOPLIST_FILE = practiceGitCommandsTests/Info.plist;
				LD_RUNPATH_SEARCH_PATHS = "$(inherited) @executable_path/Frameworks @loader_path/Frameworks";
				PRODUCT_BUNDLE_IDENTIFIER = com.chrishovey.practiceGitCommandsTests;
				PRODUCT_NAME = "$(TARGET_NAME)";
				TEST_HOST = "$(BUILT_PRODUCTS_DIR)/practiceGitCommands.app/practiceGitCommands";
			};
			name = Debug;
		};
		A1BC6E251DE357350073DF2F /* Release */ = {
			isa = XCBuildConfiguration;
			buildSettings = {
				BUNDLE_LOADER = "$(TEST_HOST)";
				INFOPLIST_FILE = practiceGitCommandsTests/Info.plist;
				LD_RUNPATH_SEARCH_PATHS = "$(inherited) @executable_path/Frameworks @loader_path/Frameworks";
				PRODUCT_BUNDLE_IDENTIFIER = com.chrishovey.practiceGitCommandsTests;
				PRODUCT_NAME = "$(TARGET_NAME)";
				TEST_HOST = "$(BUILT_PRODUCTS_DIR)/practiceGitCommands.app/practiceGitCommands";
			};
			name = Release;
		};
/* End XCBuildConfiguration section */

/* Begin XCConfigurationList section */
		A1BC6DFB1DE357350073DF2F /* Build configuration list for PBXProject "practiceGitCommands" */ = {
			isa = XCConfigurationList;
			buildConfigurations = (
				A1BC6E1E1DE357350073DF2F /* Debug */,
				A1BC6E1F1DE357350073DF2F /* Release */,
			);
			defaultConfigurationIsVisible = 0;
			defaultConfigurationName = Release;
		};
		A1BC6E201DE357350073DF2F /* Build configuration list for PBXNativeTarget "practiceGitCommands" */ = {
			isa = XCConfigurationList;
			buildConfigurations = (
				A1BC6E211DE357350073DF2F /* Debug */,
				A1BC6E221DE357350073DF2F /* Release */,
			);
			defaultConfigurationIsVisible = 0;
		};
		A1BC6E231DE357350073DF2F /* Build configuration list for PBXNativeTarget "practiceGitCommandsTests" */ = {
			isa = XCConfigurationList;
			buildConfigurations = (
				A1BC6E241DE357350073DF2F /* Debug */,
				A1BC6E251DE357350073DF2F /* Release */,
			);
			defaultConfigurationIsVisible = 0;
		};
/* End XCConfigurationList section */

/* Begin XCVersionGroup section */
		A1BC6E0A1DE357350073DF2F /* practiceGitCommands.xcdatamodeld */ = {
			isa = XCVersionGroup;
			children = (
				A1BC6E0B1DE357350073DF2F /* practiceGitCommands.xcdatamodel */,
			);
			currentVersion = A1BC6E0B1DE357350073DF2F /* practiceGitCommands.xcdatamodel */;
			path = practiceGitCommands.xcdatamodeld;
			sourceTree = "<group>";
			versionGroupType = wrapper.xcdatamodel;
		};
/* End XCVersionGroup section */
	};
	rootObject = A1BC6DF81DE357350073DF2F /* Project object */;
}
